
Microsoft Visual Studio Solution File, Format Version 12.00
Project("{FAE04EC0-301F-11D3-BF4B-00C04F79EFBC}") = "GCodeUtil", "GCodeUtil\GCodeUtil.csproj", "{9589C31F-72A2-4D5B-9C71-688C4331A71E}"
EndProject
Global
	GlobalSection(SolutionConfigurationPlatforms) = preSolution
		Debug|Any CPU = Debug|Any CPU
		Release|Any CPU = Release|Any CPU
	EndGlobalSection
	GlobalSection(ProjectConfigurationPlatforms) = postSolution
		{9589C31F-72A2-4D5B-9C71-688C4331A71E}.Debug|Any CPU.ActiveCfg = Debug|Any CPU
		{9589C31F-72A2-4D5B-9C71-688C4331A71E}.Debug|Any CPU.Build.0 = Debug|Any CPU
		{9589C31F-72A2-4D5B-9C71-688C4331A71E}.Release|Any CPU.ActiveCfg = Release|Any CPU
		{9589C31F-72A2-4D5B-9C71-688C4331A71E}.Release|Any CPU.Build.0 = Release|Any CPU
	EndGlobalSection
EndGlobal
